
Microsoft Visual Studio Solution File, Format Version 12.00
# Visual Studio Version 17
VisualStudioVersion = 17.13.35931.197 d17.13
MinimumVisualStudioVersion = 10.0.40219.1
Project("{FAE04EC0-301F-11D3-BF4B-00C04F79EFBC}") = "StudentManagementSystem", "StudentManagementSystem.csproj", "{772DA4D4-BF0D-46A9-BEE9-1B993A553531}"
EndProject
Global
	GlobalSection(SolutionConfigurationPlatforms) = preSolution
		Debug|Any CPU = Debug|Any CPU
		Release|Any CPU = Release|Any CPU
	EndGlobalSection
	GlobalSection(ProjectConfigurationPlatforms) = postSolution
		{772DA4D4-BF0D-46A9-BEE9-1B993A553531}.Debug|Any CPU.ActiveCfg = Debug|Any CPU
		{772DA4D4-BF0D-46A9-BEE9-1B993A553531}.Debug|Any CPU.Build.0 = Debug|Any CPU
		{772DA4D4-BF0D-46A9-BEE9-1B993A553531}.Release|Any CPU.ActiveCfg = Release|Any CPU
		{772DA4D4-BF0D-46A9-BEE9-1B993A553531}.Release|Any CPU.Build.0 = Release|Any CPU
	EndGlobalSection
	GlobalSection(SolutionProperties) = preSolution
		HideSolutionNode = FALSE
	EndGlobalSection
	GlobalSection(ExtensibilityGlobals) = postSolution
		SolutionGuid = {FA027A6A-A4AD-4C71-8DD6-4F07CE6F9935}
	EndGlobalSection
EndGlobal
